
Microsoft Visual Studio Solution File, Format Version 12.00
# Visual Studio 15
Project("{FAE04EC0-301F-11D3-BF4B-00C04F79EFBC}") = "Assembly-CSharp", "Assembly-CSharp.csproj", "{944E6206-5926-1599-AC30-07461E6CF5A2}"
EndProject
Project("{FAE04EC0-301F-11D3-BF4B-00C04F79EFBC}") = "Assembly-CSharp-Editor", "Assembly-CSharp-Editor.csproj", "{CF4D52B4-C1C9-C208-6201-05340323B9C8}"
EndProject
Global
	GlobalSection(SolutionConfigurationPlatforms) = preSolution
		Debug|Any CPU = Debug|Any CPU
		Release|Any CPU = Release|Any CPU
	EndGlobalSection
	GlobalSection(ProjectConfigurationPlatforms) = postSolution
		{944E6206-5926-1599-AC30-07461E6CF5A2}.Debug|Any CPU.ActiveCfg = Debug|Any CPU
		{944E6206-5926-1599-AC30-07461E6CF5A2}.Debug|Any CPU.Build.0 = Debug|Any CPU
		{944E6206-5926-1599-AC30-07461E6CF5A2}.Release|Any CPU.ActiveCfg = Release|Any CPU
		{944E6206-5926-1599-AC30-07461E6CF5A2}.Release|Any CPU.Build.0 = Release|Any CPU
		{CF4D52B4-C1C9-C208-6201-05340323B9C8}.Debug|Any CPU.ActiveCfg = Debug|Any CPU
		{CF4D52B4-C1C9-C208-6201-05340323B9C8}.Debug|Any CPU.Build.0 = Debug|Any CPU
		{CF4D52B4-C1C9-C208-6201-05340323B9C8}.Release|Any CPU.ActiveCfg = Release|Any CPU
		{CF4D52B4-C1C9-C208-6201-05340323B9C8}.Release|Any CPU.Build.0 = Release|Any CPU
	EndGlobalSection
	GlobalSection(SolutionProperties) = preSolution
		HideSolutionNode = FALSE
	EndGlobalSection
EndGlobal
